{
  "name": "kirjasto-shared",
  "version": "0.0.2",
  "lockfileVersion": 1,
  "requires": true,
  "dependencies": {
    "fp-ts": {
      "version": "2.9.5",
      "resolved": "https://registry.npmjs.org/fp-ts/-/fp-ts-2.9.5.tgz",
      "integrity": "sha512-MiHrA5teO6t8zKArE3DdMPT/Db6v2GUt5yfWnhBTrrsVfeCJUUnV6sgFvjGNBKDmEMqVwRFkEePL7wPwqrLKKA=="
    },
    "io-ts": {
      "version": "2.2.15",
      "resolved": "https://registry.npmjs.org/io-ts/-/io-ts-2.2.15.tgz",
      "integrity": "sha512-ww2ZPrErx5pjCCI/tWRwjlEIDEndnN9kBIxAylXj+WNIH4ZVgaUqFuabGouehkRuvrmvzO5OnZmLf+o50h4izQ=="
    },
    "io-ts-types": {
      "version": "0.5.15",
      "resolved": "https://registry.npmjs.org/io-ts-types/-/io-ts-types-0.5.15.tgz",
      "integrity": "sha512-SOKog7vxnrGybn92jxrLC7E6LSRC3nHzS4dadD1BK9cAiWyqXHerpbLq9zR3ZtQCJyNsSalpDPS1I4Jk2yzafg=="
    },
    "monocle-ts": {
      "version": "2.3.5",
      "resolved": "https://registry.npmjs.org/monocle-ts/-/monocle-ts-2.3.5.tgz",
      "integrity": "sha512-Xm9jdWvqFrlV0k965eY5AlCpWIIUBY2ExzGbEG+byMs+mZI4J7zvaUOLpQ8MTFgkpgyEnu4qUhuZT/Or3QeRiA=="
    },
    "newtype-ts": {
      "version": "0.3.4",
      "resolved": "https://registry.npmjs.org/newtype-ts/-/newtype-ts-0.3.4.tgz",
      "integrity": "sha512-lFJnWAt0oXX1j1ErNy9RU5+FPNtVyzugHW2MchaaMiOeeS9LEmqAAOqyHPFQ0Uw895jStSYGSCslrByzYxFJYQ=="
    },
    "typescript": {
      "version": "4.2.2",
      "resolved": "https://registry.npmjs.org/typescript/-/typescript-4.2.2.tgz",
      "integrity": "sha512-tbb+NVrLfnsJy3M59lsDgrzWIflR4d4TIUjz+heUnHZwdF7YsrMTKoRERiIvI2lvBG95dfpLxB21WZhys1bgaQ=="
    }
  }
}
